
Microsoft Visual Studio Solution File, Format Version 12.00
# Visual Studio Version 16
VisualStudioVersion = 16.0.30621.155
MinimumVisualStudioVersion = 10.0.40219.1
Project("{FAE04EC0-301F-11D3-BF4B-00C04F79EFBC}") = "HelloOoba", "HelloOoba\HelloOoba.csproj", "{DF061E3E-88C3-4CD2-80EA-AC9BAEF20A32}"
EndProject
Global
	GlobalSection(SolutionConfigurationPlatforms) = preSolution
		Debug|Any CPU = Debug|Any CPU
		Release|Any CPU = Release|Any CPU
	EndGlobalSection
	GlobalSection(ProjectConfigurationPlatforms) = postSolution
		{DF061E3E-88C3-4CD2-80EA-AC9BAEF20A32}.Debug|Any CPU.ActiveCfg = Debug|Any CPU
		{DF061E3E-88C3-4CD2-80EA-AC9BAEF20A32}.Debug|Any CPU.Build.0 = Debug|Any CPU
		{DF061E3E-88C3-4CD2-80EA-AC9BAEF20A32}.Release|Any CPU.ActiveCfg = Release|Any CPU
		{DF061E3E-88C3-4CD2-80EA-AC9BAEF20A32}.Release|Any CPU.Build.0 = Release|Any CPU
	EndGlobalSection
	GlobalSection(SolutionProperties) = preSolution
		HideSolutionNode = FALSE
	EndGlobalSection
	GlobalSection(ExtensibilityGlobals) = postSolution
		SolutionGuid = {33BEFB2C-E9BA-4E3E-8329-4FE18728F7BD}
	EndGlobalSection
EndGlobal
